
Microsoft Visual Studio Solution File, Format Version 12.00
# Visual Studio 15
VisualStudioVersion = 15.0.28307.329
MinimumVisualStudioVersion = 10.0.40219.1
Project("{FAE04EC0-301F-11D3-BF4B-00C04F79EFBC}") = "BundlingWebApp", "BundlingWebApp\BundlingWebApp.csproj", "{A967BD29-AD8C-48C8-BAB6-14596B70640E}"
EndProject
Global
	GlobalSection(SolutionConfigurationPlatforms) = preSolution
		Debug|Any CPU = Debug|Any CPU
		Release|Any CPU = Release|Any CPU
	EndGlobalSection
	GlobalSection(ProjectConfigurationPlatforms) = postSolution
		{A967BD29-AD8C-48C8-BAB6-14596B70640E}.Debug|Any CPU.ActiveCfg = Debug|Any CPU
		{A967BD29-AD8C-48C8-BAB6-14596B70640E}.Debug|Any CPU.Build.0 = Debug|Any CPU
		{A967BD29-AD8C-48C8-BAB6-14596B70640E}.Release|Any CPU.ActiveCfg = Release|Any CPU
		{A967BD29-AD8C-48C8-BAB6-14596B70640E}.Release|Any CPU.Build.0 = Release|Any CPU
	EndGlobalSection
	GlobalSection(SolutionProperties) = preSolution
		HideSolutionNode = FALSE
	EndGlobalSection
	GlobalSection(ExtensibilityGlobals) = postSolution
		SolutionGuid = {DD14FAA9-622E-43C1-9F37-FD2C8F2423E8}
	EndGlobalSection
EndGlobal
